github.com/KyleBanks/depth v1.2.1 h1:5h8fQADFrWtarTdtDudMmGsC7GPbOAu6RVB3ffsVFHc=
github.com/KyleBanks/depth v1.2.1/go.mod h1:jzSb9d0L43HxTQfT+oSA1EEp2q+ne2uh6XgeJcm8brE=
github.com/davecgh/go-spew v1.1.1 h1:vj9j/u1bqnvCEfJOwUhtlOARqs3+rkHYY13jYWTU97c=
github.com/davecgh/go-spew v1.1.1/go.mod h1:J7Y8YcW2NihsgmVo/mv3lAwl/skON4iLHjSsI+c5H38=
github.com/eclipse/paho.mqtt.golang v1.5.1 h1:/VSOv3oDLlpqR2Epjn1Q7b2bSTplJIeV2ISgCl2W7nE=
github.com/eclipse/paho.mqtt.golang v1.5.1/go.mod h1:1/yJCneuyOoCOzKSsOTUc0AJfpsItBGWvYpBLimhArU=
github.com/go-openapi/jsonpointer v1.0.2 h1:NbW7xT2b+l7x+JefiPGDsZWsrLk1ogrz4AHK1TTzMt8=
github.com/go-openapi/jsonpointer v1.0.2/go.mod h1:N0rI4MbNKD7xAFTiHtB+5Nhrg2j/wwYg7m7Fmb4/jk8=
github.com/go-openapi/jsonreference v1.0.3 h1:5rDbq+JsjCv6/nUDDJt83nLZoADI4w03uvHXer+4aYQ=
github.com/go-openapi/jsonreference v1.0.3/go.mod h1:OJSlMXHysgH272D9z2tiy2MGe5A9vQLHaCPb6KbYdE4=
github.com/go-openapi/spec v1.0.1 h1:lj2vdGpNDcVgwRc6qXdw6qt/KQpCtSa9tnUH6vpDPDk=
github.com/go-openapi/spec v1.0.1/go.mod h1:M//GWQGtDUAjnP37gE6fInLgaczB+FatoipV3H1fYw8=
github.com/go-openapi/swag v0.19.15 h1:D2NRCBzS9/pEY3gP9Nl8aDqGUcPFrwG2p+CNFrLyrCM=
github.com/go-openapi/swag/conv v0.29.2 h1:8c9shoB8l0QRSR6ymq1llHdBWDqpIgJfjTGHx3Vuhm0=
github.com/go-openapi/swag/conv v0.29.2/go.mod h1:AZS0YigTNf8qNtD6WqJz/N4RUNmpr76SyjFGkq4+p6Q=
github.com/go-openapi/swag/jsonutils v0.29.2 h1:uZNSD2/rJDYAfvsLYkykTzXuyxM3QpDKV9jhRHrMu6k=
github.com/go-openapi/swag/jsonutils v0.29.2/go.mod h1:ONTdNvj3Y+IXRzfa17E+Rgt2ns/qiSOYjIo2K7v2yDs=
github.com/go-openapi/swag/jsonutils/fixtures_test v0.29.2 h1:w+Fd6EBOMGlC74GYGHqCLGyb3Bpams8TtNrgM/SG4jo=
github.com/go-openapi/swag/jsonutils/fixtures_test v0.29.2/go.mod h1:HC2egPORFzbj/gf05Zrfgz8Mgplx3oW7hgGi7pjZVhM=
github.com/go-openapi/swag/loading v0.29.2 h1:QU1ry24e6r6Shoxe380Nx0X5iKkpRO+hJffsyJ2dVlY=
github.com/go-openapi/swag/loading v0.29.2/go.mod h1:DqilDjuiJKETecsS4TRopWG1acUDsfqN39ZmQhPu6uI=
github.com/go-openapi/swag/pools v0.29.2 h1:PlGoDRF8WtSyXkedZZkpW3f9wDhFf3u8KtaBcmgmh8c=
github.com/go-openapi/swag/pools v0.29.2/go.mod h1:V3lhxVT4qDYRqc2MRSSbLsTYIYV/2HlHafhyEkmzLIc=
github.com/go-openapi/swag/stringutils v0.29.2 h1:lcnBxwAaysT3bMUVBfn9V/PkfVqkurpqufKU6rTUMGk=
github.com/go-openapi/swag/stringutils v0.29.2/go.mod h1:i9cdh7sGaa0nm3CqIvH5IM5h2QClk1wns2ktKeILvRI=
github.com/go-openapi/swag/typeutils v0.29.2 h1:O7aVvkTs3pXwikgtrPLenigEMdQFgONKRooQA9pgf2I=
github.com/go-openapi/swag/typeutils v0.29.2/go.mod h1:7+GDG+uz9Ke+eVt4rClZg7wklSDp8hT/mKNh/pC26TE=
github.com/go-openapi/swag/yamlutils v0.29.2 h1:IFKFFeDnuIwzfsuWRQU+rI8iL3g4XyAYjV/RlnlxPLM=
github.com/go-openapi/swag/yamlutils v0.29.2/go.mod h1:7MGqtcrK73sxQ4ceiyIf8qiXS/s09JLMdR5esK5euYQ=
github.com/go-openapi/testify/enable/yaml/v2 v2.7.0 h1:wPW6YRgx3+SID1yUy/Xwa17L8kFEaEKod2VRbJDZNUs=
github.com/go-openapi/testify/enable/yaml/v2 v2.7.0/go.mod h1:mI1M88etYbc3PhgHsWQK2kwvNwW5aGFqMPbmib+SGIs=
github.com/go-openapi/testify/v2 v2.8.0 h1:19QDx5b57p8KjO2E4sgs/woL4Akp+FGLRlVm2xn0Rho=
github.com/go-openapi/testify/v2 v2.8.0/go.mod h1:4gUN8jC+RqOE2qjW/vDmfyTvl5BCht4qL7oca0odrak=
github.com/golang-jwt/jwt/v5 v5.3.1 h1:kYf81DTWFe7t+1VvL7eS+jKFVWaUnK9cB1qbwn63YCY=
github.com/golang-jwt/jwt/v5 v5.3.1/go.mod h1:fxCRLWMO43lRc8nhHWY6LGqRcf+1gQWArsqaEUEa5bE=
github.com/google/go-cmp v0.6.0 h1:ofyhxvXcZhMsU5ulbFiLKl/XBFqE1GSq7atu8tAmTRI=
github.com/google/go-cmp v0.6.0/go.mod h1:17dUlkBOakJ0+DkrSSNjCkIjxS6bF9zb3elmeNGIjoY=
github.com/gorilla/websocket v1.5.3 h1:saDtZ6Pbx/0u+bgYQ3q96pZgCzfhKXGPqt7kZ72aNNg=
github.com/gorilla/websocket v1.5.3/go.mod h1:YR8l580nyteQvAITg2hZ9XVh4b55+EU/adAjf1fMHhE=
github.com/pkg/errors v0.9.1 h1:FEBLx1zS214owpjy7qsBeixbURkuhQAwrK5UwLGTwt4=
github.com/pkg/errors v0.9.1/go.mod h1:bwawxfHBFNV+L2hUp1rHADufV3IMtnDRdf1r5NINEl0=
github.com/pmezard/go-difflib v1.0.0 h1:4DBwDE0NGyQoBHbLQYPwSUPoCMWR5BEzIk/f1lZbAQM=
github.com/pmezard/go-difflib v1.0.0/go.mod h1:iKH77koFhYxTK1pcRnkKkqfTogsbg7gZNVY4sRDYZ/4=
github.com/stretchr/testify v1.9.0 h1:HtqpIVDClZ4nwg75+f6Lvsy/wHu+3BoSGCbBAcpTsTg=
github.com/stretchr/testify v1.9.0/go.mod h1:r2ic/lqez/lEtzL7wO/rwa5dbSLXVDPFyf8C91i36aY=
github.com/swaggo/files v1.0.1 h1:J1bVJ4XHZNq0I46UU90611i9/YzdrF7x92oX1ig5IdE=
github.com/swaggo/files v1.0.1/go.mod h1:0qXmMNH6sXNf+73t65aKeB+ApmgxdnkQzVTAj2uaMUg=
github.com/swaggo/http-swagger v1.3.4 h1:q7t/XLx0n15H1Q9/tk3Y9L4n210XzJF5WtnDX64a5ww=
github.com/swaggo/http-swagger v1.3.4/go.mod h1:9dAh0unqMBAlbp1uE2Uc2mQTxNMU/ha4UbucIg1MFkQ=
github.com/swaggo/swag v1.16.6 h1:qBNcx53ZaX+M5dxVyTrgQ0PJ/ACK+NzhwcbieTt+9yI=
github.com/swaggo/swag v1.16.6/go.mod h1:ngP2etMK5a0P3QBizic5MEwpRmluJZPHjXcMoj4Xesg=
github.com/warthog618/go-gpiocdev v0.9.2 h1:+8VVUMLxTwuYOcBk8yaFfVQyfigUXy0mIaSxNBsi0YE=
github.com/warthog618/go-gpiocdev v0.9.2/go.mod h1:Hj1ECwLE3Hy8trth5BoT/WanO02zdoSmg3a5CTNasHA=
github.com/warthog618/go-gpiosim v0.1.2 h1:8RsinSKZbsG6REhfVDpBr7gdzQeJ7RoCUxLR9oUlk0M=
github.com/warthog618/go-gpiosim v0.1.2/go.mod h1:YXsnB+I9jdCMY4YAlMSRrlts25ltjmuIsrnoUrBLdqU=
github.com/womat/golib v1.3.1 h1:VgjrCGkET4mDuDhr7nYzaCAGytBjE4CurRRjiJgXiKc=
github.com/womat/golib v1.3.1/go.mod h1:BA0Rce5areX8cmzXnzPiiDMofBGDz3t8uK0CPwSQzJY=
github.com/yuin/goldmark v1.4.13/go.mod h1:6yULJ656Px+3vBD8DxQVa3kxgyrAnzto9xy5taEt/CY=
go.yaml.in/yaml/v3 v3.0.5 h1:N6y/pJk8buWs9NY5ERU2HSMfm+IuD/OtfdAnq6kESPw=
go.yaml.in/yaml/v3 v3.0.5/go.mod h1:HVTZu1O7/Vkt2N+BFy8Zza+lnLsABggaTM2ZpNIGuKg=
golang.org/x/crypto v0.0.0-20190308221718-c2843e01d9a2/go.mod h1:djNgcEr1/C05ACkg1iLfiJU5Ep61QUkGW8qpdssI0+w=
golang.org/x/crypto v0.0.0-20210921155107-089bfa567519/go.mod h1:GvvjBRRGRdwPK5ydBHafDWAxML/pGHZbMvKqRZ5+Abc=
golang.org/x/mod v0.6.0-dev.0.20220419223038-86c51ed26bb4/go.mod h1:jJ57K6gSWd91VN4djpZkiMVwK6gcyfeH4XE8wZrZaV4=
golang.org/x/mod v0.42.0 h1:ICeL3t2L30ljSPHHxDnR4fqVcBt/zR2zJAb9juavmQg=
golang.org/x/mod v0.42.0/go.mod h1:u5fzIrRInkL8MaO1cbRkUHT64v303YIT5KEqpNr7jRs=
golang.org/x/net v0.0.0-20190620200207-3b0461eec859/go.mod h1:z5CRVTTTmAJ677TzLLGU+0bjPO0LkuOLi4/5GtJWs/s=
golang.org/x/net v0.0.0-20210226172049-e18ecbb05110/go.mod h1:m0MpNAwzfU5UDzcl9v0D8zg8gWTRqZa9RBIspLL5mdg=
golang.org/x/net v0.0.0-20220722155237-a158d28d115b/go.mod h1:XRhObCWvk6IyKnWLug+ECip1KBveYUHfp+8e9klMJ9c=
golang.org/x/net v0.7.0/go.mod h1:2Tu9+aMcznHK/AK1HMvgo6xiTLG5rD5rZLDS+rp2Bjs=
golang.org/x/net v0.61.0 h1:RR+6j/BTBCrggOLugxa+66R8FvoN6MHlzDlZIbN9YFw=
golang.org/x/net v0.61.0/go.mod h1:WgDCOTH8iwtB66T4/GfI94AHo/hhdb7Hah9NDseQfiI=
golang.org/x/sync v0.0.0-20190423024810-112230192c58/go.mod h1:RxMgew5VJxzue5/jJTE5uejpjVlOe/izrB70Jof72aM=
golang.org/x/sync v0.0.0-20220722155255-886fb9371eb4/go.mod h1:RxMgew5VJxzue5/jJTE5uejpjVlOe/izrB70Jof72aM=
golang.org/x/sync v0.24.0 h1:iqiDrGoDgyuvAKrhLQthUEzU/R378N78gXbBjxed7oA=
golang.org/x/sync v0.24.0/go.mod h1:sUUOizhqBxiL6pEWpqNLUiaJn1ShEbZ6BBqskPbjZm0=
golang.org/x/sys v0.0.0-20190215142949-d0b11bdaac8a/go.mod h1:STP8DvDyc/dI5b8T5hshtkjS+E42TnysNCUPdjciGhY=
golang.org/x/sys v0.0.0-20201119102817-f84b799fce68/go.mod h1:h1NjWce9XRLGQEsW7wpKNCjG9DtNlClVuFLEZdDNbEs=
golang.org/x/sys v0.0.0-20210615035016-665e8c7367d1/go.mod h1:oPkhp1MJrh7nUepCBck5+mAzfO9JrbApNNgaTdGDITg=
golang.org/x/sys v0.0.0-20220520151302-bc2c85ada10a/go.mod h1:oPkhp1MJrh7nUepCBck5+mAzfO9JrbApNNgaTdGDITg=
golang.org/x/sys v0.0.0-20220722155257-8c9f86f7a55f/go.mod h1:oPkhp1MJrh7nUepCBck5+mAzfO9JrbApNNgaTdGDITg=
golang.org/x/sys v0.5.0/go.mod h1:oPkhp1MJrh7nUepCBck5+mAzfO9JrbApNNgaTdGDITg=
golang.org/x/sys v0.49.0 h1:XbzkgYJHdqh/8m2Uu0W/dQv8nktxx4BFHp1M0gROTXA=
golang.org/x/sys v0.49.0/go.mod h1:hNLxWAXmnKAxqDtdwIYC4bM9oQPEecfsnNMuSxOs3og=
golang.org/x/term v0.0.0-20201126162022-7de9c90e9dd1/go.mod h1:bj7SfCRtBDWHUb9snDiAeCFNEtKQo2Wmx5Cou7ajbmo=
golang.org/x/term v0.0.0-20210927222741-03fcf44c2211/go.mod h1:jbD1KX2456YbFQfuXm/mYQcufACuNUgVhRMnK/tPxf8=
golang.org/x/term v0.5.0/go.mod h1:jMB1sMXY+tzblOD4FWmEbocvup2/aLOaQEp7JmGp78k=
golang.org/x/text v0.3.0/go.mod h1:NqM8EUOU14njkJ3fqMW+pc6Ldnwhi/IjpwHt7yyuwOQ=
golang.org/x/text v0.3.3/go.mod h1:5Zoc/QRtKVWzQhOtBMvqHzDpF6irO9z98xDceosuGiQ=
golang.org/x/text v0.3.7/go.mod h1:u+2+/6zg+i71rQMx5EYifcz6MCKuco9NR6JIITiCfzQ=
golang.org/x/text v0.7.0/go.mod h1:mrYo+phRRbMaCq/xk9113O4dZlRixOauAjOtrjsXDZ8=
golang.org/x/tools v0.0.0-20180917221912-90fa682c2a6e/go.mod h1:n7NCudcB/nEzxVGmLbDWY5pfWTLqBcC2KZ6jyYvM4mQ=
golang.org/x/tools v0.0.0-20191119224855-298f0cb1881e/go.mod h1:b+2E5dAYhXwXZwtnZ6UAqBI28+e2cm9otk0dWdXHAEo=
golang.org/x/tools v0.1.12/go.mod h1:hNGJHUnrk76NpqgfD5Aqm5Crs+Hm0VOH/i9J2+nxYbc=
golang.org/x/tools v0.51.0 h1:k4Xc/1Om9jwkBJBo4NVLMSARBoWtK10mx+W5BnXCeAI=
golang.org/x/tools v0.51.0/go.mod h1:9eEncMayCV6zRMGhR5eZEC2iBx98qWcF1HZ9Z7wJOoA=
golang.org/x/xerrors v0.0.0-20190717185122-a985d3407aa7/go.mod h1:I/5z698sn9Ka8TeJc9MKroUUfqBBauWjQqLJ2OPfmY0=
gopkg.in/check.v1 v0.0.0-20161208181325-20d25e280405 h1:yhCVgyC4o1eVCa2tZl7eS0r+SDo693bJlVdllGtEeKM=
gopkg.in/check.v1 v0.0.0-20161208181325-20d25e280405/go.mod h1:Co6ibVJAznAaIkqp8huTwlJQCZ016jof/cbN4VW5Yz0=
gopkg.in/yaml.v3 v3.0.1 h1:fxVm/GzAzEWqLHuvctI91KS9hhNmmWOoWu0XTYJS7CA=
gopkg.in/yaml.v3 v3.0.1/go.mod h1:K4uyk7z7BCEPqu6E+C64Yfv1cQ7kz7rIZviUmN+EgEM=
